{
    "_readme": [
        "This file locks the dependencies of your project to a known state",
        "Read more about it at https://getcomposer.org/doc/01-basic-usage.md#composer-lock-the-lock-file",
        "This file is @generated automatically"
    ],
    "hash": "708c002396c398cc353e01a59d657d36",
    "packages": [
        {
            "name": "oscarotero/inline-svg",
            "version": "v2.0.1",
            "source": {
                "type": "git",
                "url": "https://github.com/oscarotero/inline-svg.git",
                "reference": "228507a75da6695c45a644a331d740732c1168d5"
            },
            "dist": {
                "type": "zip",
                "url": "https://api.github.com/repos/oscarotero/inline-svg/zipball/228507a75da6695c45a644a331d740732c1168d5",
                "reference": "228507a75da6695c45a644a331d740732c1168d5",
                "shasum": ""
            },
            "require": {
                "php": ">=5.4.0"
            },
            "type": "library",
            "autoload": {
                "psr-4": {
                    "InlineSvg\\": "src"
                }
            },
            "notification-url": "https://packagist.org/downloads/",
            "license": [
                "MIT"
            ],
            "authors": [
                {
                    "name": "Oscar Otero",
                    "email": "oom@oscarotero.com",
                    "homepage": "http://oscarotero.com",
                    "role": "Developer"
                }
            ],
            "description": "PHP library to embed svg in the html",
            "homepage": "https://github.com/oscarotero/inline-svg",
            "keywords": [
                "icons",
                "svg"
            ],
            "time": "2016-08-25 15:42:56"
        }
    ],
    "packages-dev": [],
    "aliases": [],
    "minimum-stability": "stable",
    "stability-flags": [],
    "prefer-stable": false,
    "prefer-lowest": false,
    "platform": [],
    "platform-dev": []
}
